// !$*UTF8*$!
{
	archiveVersion = 1;
	classes = {
	};
	objectVersion = 50;
	objects = {

/* Begin PBXBuildFile section */
		188802442451F012008E1992 /* main.cpp in Sources */ = {isa = PBXBuildFile; fileRef = 188802432451F012008E1992 /* main.cpp */; };
		1888024C2451F731008E1992 /* libvulkan.1.2.135.dylib in Frameworks */ = {isa = PBXBuildFile; fileRef = 1888024B2451F731008E1992 /* libvulkan.1.2.135.dylib */; };
		1888024D2451F780008E1992 /* libvulkan.1.2.135.dylib in CopyFiles */ = {isa = PBXBuildFile; fileRef = 1888024B2451F731008E1992 /* libvulkan.1.2.135.dylib */; };
		1888025124526EFD008E1992 /* libglfw.3.3.dylib in Frameworks */ = {isa = PBXBuildFile; fileRef = 1888025024526EFD008E1992 /* libglfw.3.3.dylib */; };
		1888025224526F76008E1992 /* libglfw.3.3.dylib in CopyFiles */ = {isa = PBXBuildFile; fileRef = 1888025024526EFD008E1992 /* libglfw.3.3.dylib */; };
		1888025424527633008E1992 /* libvulkan.1.dylib in Frameworks */ = {isa = PBXBuildFile; fileRef = 1888025324527633008E1992 /* libvulkan.1.dylib */; };
		1888025524527640008E1992 /* libvulkan.1.dylib in CopyFiles */ = {isa = PBXBuildFile; fileRef = 1888025324527633008E1992 /* libvulkan.1.dylib */; };
		188802582452A45F008E1992 /* vulkanplaygroundapplication.cpp in Sources */ = {isa = PBXBuildFile; fileRef = 188802572452A45F008E1992 /* vulkanplaygroundapplication.cpp */; };
/* End PBXBuildFile section */

/* Begin PBXCopyFilesBuildPhase section */
		1888023E2451F012008E1992 /* CopyFiles */ = {
			isa = PBXCopyFilesBuildPhase;
			buildActionMask = 12;
			dstPath = "";
			dstSubfolderSpec = 10;
			files = (
				1888024D2451F780008E1992 /* libvulkan.1.2.135.dylib in CopyFiles */,
				1888025524527640008E1992 /* libvulkan.1.dylib in CopyFiles */,
				1888025224526F76008E1992 /* libglfw.3.3.dylib in CopyFiles */,
			);
			runOnlyForDeploymentPostprocessing = 0;
		};
/* End PBXCopyFilesBuildPhase section */

/* Begin PBXFileReference section */
		188802402451F012008E1992 /* Vulkan_Playground */ = {isa = PBXFileReference; explicitFileType = "compiled.mach-o.executable"; includeInIndex = 0; path = Vulkan_Playground; sourceTree = BUILT_PRODUCTS_DIR; };
		188802432451F012008E1992 /* main.cpp */ = {isa = PBXFileReference; lastKnownFileType = sourcecode.cpp.cpp; path = main.cpp; sourceTree = "<group>"; };
		1888024B2451F731008E1992 /* libvulkan.1.2.135.dylib */ = {isa = PBXFileReference; lastKnownFileType = "compiled.mach-o.dylib"; name = libvulkan.1.2.135.dylib; path = ../../../../../externel_library/vulkan/macOS/lib/libvulkan.1.2.135.dylib; sourceTree = "<group>"; };
		1888024E2451F8AC008E1992 /* GLKit.framework */ = {isa = PBXFileReference; lastKnownFileType = wrapper.framework; name = GLKit.framework; path = System/Library/Frameworks/GLKit.framework; sourceTree = SDKROOT; };
		1888025024526EFD008E1992 /* libglfw.3.3.dylib */ = {isa = PBXFileReference; lastKnownFileType = "compiled.mach-o.dylib"; name = libglfw.3.3.dylib; path = ../../../../../../../usr/local/Cellar/glfw/3.3.2/lib/libglfw.3.3.dylib; sourceTree = "<group>"; };
		1888025324527633008E1992 /* libvulkan.1.dylib */ = {isa = PBXFileReference; lastKnownFileType = "compiled.mach-o.dylib"; name = libvulkan.1.dylib; path = ../../../../../externel_library/vulkan/macOS/lib/libvulkan.1.dylib; sourceTree = "<group>"; };
		188802562452A3AB008E1992 /* vulkanplaygroundapplication.h */ = {isa = PBXFileReference; lastKnownFileType = sourcecode.c.h; path = vulkanplaygroundapplication.h; sourceTree = "<group>"; };
		188802572452A45F008E1992 /* vulkanplaygroundapplication.cpp */ = {isa = PBXFileReference; lastKnownFileType = sourcecode.cpp.cpp; path = vulkanplaygroundapplication.cpp; sourceTree = "<group>"; };
/* End PBXFileReference section */

/* Begin PBXFrameworksBuildPhase section */
		1888023D2451F012008E1992 /* Frameworks */ = {
			isa = PBXFrameworksBuildPhase;
			buildActionMask = 2147483647;
			files = (
				1888025124526EFD008E1992 /* libglfw.3.3.dylib in Frameworks */,
				1888024C2451F731008E1992 /* libvulkan.1.2.135.dylib in Frameworks */,
				1888025424527633008E1992 /* libvulkan.1.dylib in Frameworks */,
			);
			runOnlyForDeploymentPostprocessing = 0;
		};
/* End PBXFrameworksBuildPhase section */

/* Begin PBXGroup section */
		188802372451F012008E1992 = {
			isa = PBXGroup;
			children = (
				188802422451F012008E1992 /* Vulkan_Playground */,
				188802412451F012008E1992 /* Products */,
				1888024A2451F730008E1992 /* Frameworks */,
			);
			sourceTree = "<group>";
		};
		188802412451F012008E1992 /* Products */ = {
			isa = PBXGroup;
			children = (
				188802402451F012008E1992 /* Vulkan_Playground */,
			);
			name = Products;
			sourceTree = "<group>";
		};
		188802422451F012008E1992 /* Vulkan_Playground */ = {
			isa = PBXGroup;
			children = (
				188802432451F012008E1992 /* main.cpp */,
				188802562452A3AB008E1992 /* vulkanplaygroundapplication.h */,
				188802572452A45F008E1992 /* vulkanplaygroundapplication.cpp */,
			);
			path = Vulkan_Playground;
			sourceTree = "<group>";
		};
		1888024A2451F730008E1992 /* Frameworks */ = {
			isa = PBXGroup;
			children = (
				1888025324527633008E1992 /* libvulkan.1.dylib */,
				1888025024526EFD008E1992 /* libglfw.3.3.dylib */,
				1888024E2451F8AC008E1992 /* GLKit.framework */,
				1888024B2451F731008E1992 /* libvulkan.1.2.135.dylib */,
			);
			name = Frameworks;
			sourceTree = "<group>";
		};
/* End PBXGroup section */

/* Begin PBXNativeTarget section */
		1888023F2451F012008E1992 /* Vulkan_Playground */ = {
			isa = PBXNativeTarget;
			buildConfigurationList = 188802472451F012008E1992 /* Build configuration list for PBXNativeTarget "Vulkan_Playground" */;
			buildPhases = (
				1888023C2451F012008E1992 /* Sources */,
				1888023D2451F012008E1992 /* Frameworks */,
				1888023E2451F012008E1992 /* CopyFiles */,
			);
			buildRules = (
			);
			dependencies = (
			);
			name = Vulkan_Playground;
			productName = Vulkan_Playground;
			productReference = 188802402451F012008E1992 /* Vulkan_Playground */;
			productType = "com.apple.product-type.tool";
		};
/* End PBXNativeTarget section */

/* Begin PBXProject section */
		188802382451F012008E1992 /* Project object */ = {
			isa = PBXProject;
			attributes = {
				LastUpgradeCheck = 1130;
				ORGANIZATIONNAME = "National Taiwan University";
				TargetAttributes = {
					1888023F2451F012008E1992 = {
						CreatedOnToolsVersion = 11.3.1;
					};
				};
			};
			buildConfigurationList = 1888023B2451F012008E1992 /* Build configuration list for PBXProject "Vulkan_Playground" */;
			compatibilityVersion = "Xcode 9.3";
			developmentRegion = en;
			hasScannedForEncodings = 0;
			knownRegions = (
				en,
				Base,
			);
			mainGroup = 188802372451F012008E1992;
			productRefGroup = 188802412451F012008E1992 /* Products */;
			projectDirPath = "";
			projectRoot = "";
			targets = (
				1888023F2451F012008E1992 /* Vulkan_Playground */,
			);
		};
/* End PBXProject section */

/* Begin PBXSourcesBuildPhase section */
		1888023C2451F012008E1992 /* Sources */ = {
			isa = PBXSourcesBuildPhase;
			buildActionMask = 2147483647;
			files = (
				188802582452A45F008E1992 /* vulkanplaygroundapplication.cpp in Sources */,
				188802442451F012008E1992 /* main.cpp in Sources */,
			);
			runOnlyForDeploymentPostprocessing = 0;
		};
/* End PBXSourcesBuildPhase section */

/* Begin XCBuildConfiguration section */
		188802452451F012008E1992 /* Debug */ = {
			isa = XCBuildConfiguration;
			buildSettings = {
				ALWAYS_SEARCH_USER_PATHS = NO;
				CLANG_ANALYZER_NONNULL = YES;
				CLANG_ANALYZER_NUMBER_OBJECT_CONVERSION = YES_AGGRESSIVE;
				CLANG_CXX_LANGUAGE_STANDARD = "gnu++14";
				CLANG_CXX_LIBRARY = "libc++";
				CLANG_ENABLE_MODULES = YES;
				CLANG_ENABLE_OBJC_ARC = YES;
				CLANG_ENABLE_OBJC_WEAK = YES;
				CLANG_WARN_BLOCK_CAPTURE_AUTORELEASING = YES;
				CLANG_WARN_BOOL_CONVERSION = YES;
				CLANG_WARN_COMMA = YES;
				CLANG_WARN_CONSTANT_CONVERSION = YES;
				CLANG_WARN_DEPRECATED_OBJC_IMPLEMENTATIONS = YES;
				CLANG_WARN_DIRECT_OBJC_ISA_USAGE = YES_ERROR;
				CLANG_WARN_DOCUMENTATION_COMMENTS = YES;
				CLANG_WARN_EMPTY_BODY = YES;
				CLANG_WARN_ENUM_CONVERSION = YES;
				CLANG_WARN_INFINITE_RECURSION = YES;
				CLANG_WARN_INT_CONVERSION = YES;
				CLANG_WARN_NON_LITERAL_NULL_CONVERSION = YES;
				CLANG_WARN_OBJC_IMPLICIT_RETAIN_SELF = YES;
				CLANG_WARN_OBJC_LITERAL_CONVERSION = YES;
				CLANG_WARN_OBJC_ROOT_CLASS = YES_ERROR;
				CLANG_WARN_RANGE_LOOP_ANALYSIS = YES;
				CLANG_WARN_STRICT_PROTOTYPES = YES;
				CLANG_WARN_SUSPICIOUS_MOVE = YES;
				CLANG_WARN_UNGUARDED_AVAILABILITY = YES_AGGRESSIVE;
				CLANG_WARN_UNREACHABLE_CODE = YES;
				CLANG_WARN__DUPLICATE_METHOD_MATCH = YES;
				COPY_PHASE_STRIP = NO;
				DEBUG_INFORMATION_FORMAT = dwarf;
				ENABLE_STRICT_OBJC_MSGSEND = YES;
				ENABLE_TESTABILITY = YES;
				GCC_C_LANGUAGE_STANDARD = gnu11;
				GCC_DYNAMIC_NO_PIC = NO;
				GCC_NO_COMMON_BLOCKS = YES;
				GCC_OPTIMIZATION_LEVEL = 0;
				GCC_PREPROCESSOR_DEFINITIONS = (
					"DEBUG=1",
					"$(inherited)",
				);
				GCC_WARN_64_TO_32_BIT_CONVERSION = YES;
				GCC_WARN_ABOUT_RETURN_TYPE = YES_ERROR;
				GCC_WARN_UNDECLARED_SELECTOR = YES;
				GCC_WARN_UNINITIALIZED_AUTOS = YES_AGGRESSIVE;
				GCC_WARN_UNUSED_FUNCTION = YES;
				GCC_WARN_UNUSED_VARIABLE = YES;
				MACOSX_DEPLOYMENT_TARGET = 10.14;
				MTL_ENABLE_DEBUG_INFO = INCLUDE_SOURCE;
				MTL_FAST_MATH = YES;
				ONLY_ACTIVE_ARCH = YES;
				SDKROOT = macosx;
			};
			name = Debug;
		};
		188802462451F012008E1992 /* Release */ = {
			isa = XCBuildConfiguration;
			buildSettings = {
				ALWAYS_SEARCH_USER_PATHS = NO;
				CLANG_ANALYZER_NONNULL = YES;
				CLANG_ANALYZER_NUMBER_OBJECT_CONVERSION = YES_AGGRESSIVE;
				CLANG_CXX_LANGUAGE_STANDARD = "gnu++14";
				CLANG_CXX_LIBRARY = "libc++";
				CLANG_ENABLE_MODULES = YES;
				CLANG_ENABLE_OBJC_ARC = YES;
				CLANG_ENABLE_OBJC_WEAK = YES;
				CLANG_WARN_BLOCK_CAPTURE_AUTORELEASING = YES;
				CLANG_WARN_BOOL_CONVERSION = YES;
				CLANG_WARN_COMMA = YES;
				CLANG_WARN_CONSTANT_CONVERSION = YES;
				CLANG_WARN_DEPRECATED_OBJC_IMPLEMENTATIONS = YES;
				CLANG_WARN_DIRECT_OBJC_ISA_USAGE = YES_ERROR;
				CLANG_WARN_DOCUMENTATION_COMMENTS = YES;
				CLANG_WARN_EMPTY_BODY = YES;
				CLANG_WARN_ENUM_CONVERSION = YES;
				CLANG_WARN_INFINITE_RECURSION = YES;
				CLANG_WARN_INT_CONVERSION = YES;
				CLANG_WARN_NON_LITERAL_NULL_CONVERSION = YES;
				CLANG_WARN_OBJC_IMPLICIT_RETAIN_SELF = YES;
				CLANG_WARN_OBJC_LITERAL_CONVERSION = YES;
				CLANG_WARN_OBJC_ROOT_CLASS = YES_ERROR;
				CLANG_WARN_RANGE_LOOP_ANALYSIS = YES;
				CLANG_WARN_STRICT_PROTOTYPES = YES;
				CLANG_WARN_SUSPICIOUS_MOVE = YES;
				CLANG_WARN_UNGUARDED_AVAILABILITY = YES_AGGRESSIVE;
				CLANG_WARN_UNREACHABLE_CODE = YES;
				CLANG_WARN__DUPLICATE_METHOD_MATCH = YES;
				COPY_PHASE_STRIP = NO;
				DEBUG_INFORMATION_FORMAT = "dwarf-with-dsym";
				ENABLE_NS_ASSERTIONS = NO;
				ENABLE_STRICT_OBJC_MSGSEND = YES;
				GCC_C_LANGUAGE_STANDARD = gnu11;
				GCC_NO_COMMON_BLOCKS = YES;
				GCC_WARN_64_TO_32_BIT_CONVERSION = YES;
				GCC_WARN_ABOUT_RETURN_TYPE = YES_ERROR;
				GCC_WARN_UNDECLARED_SELECTOR = YES;
				GCC_WARN_UNINITIALIZED_AUTOS = YES_AGGRESSIVE;
				GCC_WARN_UNUSED_FUNCTION = YES;
				GCC_WARN_UNUSED_VARIABLE = YES;
				MACOSX_DEPLOYMENT_TARGET = 10.14;
				MTL_ENABLE_DEBUG_INFO = NO;
				MTL_FAST_MATH = YES;
				SDKROOT = macosx;
			};
			name = Release;
		};
		188802482451F012008E1992 /* Debug */ = {
			isa = XCBuildConfiguration;
			buildSettings = {
				CODE_SIGN_STYLE = Automatic;
				"HEADER_SEARCH_PATHS[arch=*]" = (
					/usr/local/Cellar/glm/0.9.9.5/include,
					/usr/local/Cellar/glfw/3.3.2/include,
					/Users/apple/externel_library/vulkan/macOS/include,
				);
				LIBRARY_SEARCH_PATHS = (
					"$(inherited)",
					/usr/local/Cellar/glfw/3.3.2/lib,
				);
				"LIBRARY_SEARCH_PATHS[arch=*]" = (
					/usr/local/Cellar/glm/0.9.9.5/lib,
					/usr/local/Cellar/glfw/3.3.2/lib,
					/Users/apple/externel_library/vulkan/macOS/lib,
				);
				PRODUCT_NAME = "$(TARGET_NAME)";
			};
			name = Debug;
		};
		188802492451F012008E1992 /* Release */ = {
			isa = XCBuildConfiguration;
			buildSettings = {
				CODE_SIGN_STYLE = Automatic;
				"HEADER_SEARCH_PATHS[arch=*]" = (
					/usr/local/Cellar/glm/0.9.9.5/include,
					/usr/local/Cellar/glfw/3.3.2/lib,
					/Users/apple/externel_library/vulkan/macOS/include,
				);
				LIBRARY_SEARCH_PATHS = (
					"$(inherited)",
					/usr/local/Cellar/glfw/3.3.2/lib,
				);
				"LIBRARY_SEARCH_PATHS[arch=*]" = (
					/usr/local/Cellar/glfw/3.3.2/lib,
					/usr/local/Cellar/glm/0.9.9.5/lib,
					/Users/apple/externel_library/vulkan/macOS/lib,
				);
				PRODUCT_NAME = "$(TARGET_NAME)";
			};
			name = Release;
		};
/* End XCBuildConfiguration section */

/* Begin XCConfigurationList section */
		1888023B2451F012008E1992 /* Build configuration list for PBXProject "Vulkan_Playground" */ = {
			isa = XCConfigurationList;
			buildConfigurations = (
				188802452451F012008E1992 /* Debug */,
				188802462451F012008E1992 /* Release */,
			);
			defaultConfigurationIsVisible = 0;
			defaultConfigurationName = Release;
		};
		188802472451F012008E1992 /* Build configuration list for PBXNativeTarget "Vulkan_Playground" */ = {
			isa = XCConfigurationList;
			buildConfigurations = (
				188802482451F012008E1992 /* Debug */,
				188802492451F012008E1992 /* Release */,
			);
			defaultConfigurationIsVisible = 0;
			defaultConfigurationName = Release;
		};
/* End XCConfigurationList section */
	};
	rootObject = 188802382451F012008E1992 /* Project object */;
}
